
Microsoft Visual Studio Solution File, Format Version 12.00
# Visual Studio Version 17
VisualStudioVersion = 17.11.35222.181
MinimumVisualStudioVersion = 10.0.40219.1
Project("{FAE04EC0-301F-11D3-BF4B-00C04F79EFBC}") = "PankovLab3", "PankovLab3\PankovLab3.csproj", "{E478AA37-4ECB-4F73-ABE8-A465AA39B399}"
EndProject
Project("{FAE04EC0-301F-11D3-BF4B-00C04F79EFBC}") = "Task1", "Task1\Task1.csproj", "{B6A877E1-8130-4536-BE2D-B4F79E990F16}"
EndProject
Project("{FAE04EC0-301F-11D3-BF4B-00C04F79EFBC}") = "Task2", "Task2\Task2.csproj", "{C885168B-CE47-48D3-A231-F7667556ED2A}"
EndProject
Project("{FAE04EC0-301F-11D3-BF4B-00C04F79EFBC}") = "Task3", "Task3\Task3.csproj", "{68DB50FD-1F05-4F7D-B24A-EE496882136C}"
EndProject
Project("{FAE04EC0-301F-11D3-BF4B-00C04F79EFBC}") = "Task4", "Task4\Task4.csproj", "{BA1E0D05-1FBA-4DDA-9DF8-F75EBA56BA02}"
EndProject
Project("{FAE04EC0-301F-11D3-BF4B-00C04F79EFBC}") = "Task5", "Task5\Task5.csproj", "{AB2AACB2-8F1A-4381-A1A5-54BABC672D89}"
EndProject
Project("{FAE04EC0-301F-11D3-BF4B-00C04F79EFBC}") = "Task6", "Task6\Task6.csproj", "{3391D20F-BBC1-4F58-B4EF-8705D3A54E98}"
EndProject
Project("{FAE04EC0-301F-11D3-BF4B-00C04F79EFBC}") = "Task7", "Task7\Task7.csproj", "{80ECED74-0BEC-4CD9-AED6-F7978630800B}"
EndProject
Project("{FAE04EC0-301F-11D3-BF4B-00C04F79EFBC}") = "Task8", "Task8\Task8.csproj", "{81554875-65E7-4D8F-BF02-D5E894FD2008}"
EndProject
Global
	GlobalSection(SolutionConfigurationPlatforms) = preSolution
		Debug|Any CPU = Debug|Any CPU
		Release|Any CPU = Release|Any CPU
	EndGlobalSection
	GlobalSection(ProjectConfigurationPlatforms) = postSolution
		{E478AA37-4ECB-4F73-ABE8-A465AA39B399}.Debug|Any CPU.ActiveCfg = Debug|Any CPU
		{E478AA37-4ECB-4F73-ABE8-A465AA39B399}.Debug|Any CPU.Build.0 = Debug|Any CPU
		{E478AA37-4ECB-4F73-ABE8-A465AA39B399}.Release|Any CPU.ActiveCfg = Release|Any CPU
		{E478AA37-4ECB-4F73-ABE8-A465AA39B399}.Release|Any CPU.Build.0 = Release|Any CPU
		{B6A877E1-8130-4536-BE2D-B4F79E990F16}.Debug|Any CPU.ActiveCfg = Debug|Any CPU
		{B6A877E1-8130-4536-BE2D-B4F79E990F16}.Debug|Any CPU.Build.0 = Debug|Any CPU
		{B6A877E1-8130-4536-BE2D-B4F79E990F16}.Release|Any CPU.ActiveCfg = Release|Any CPU
		{B6A877E1-8130-4536-BE2D-B4F79E990F16}.Release|Any CPU.Build.0 = Release|Any CPU
		{C885168B-CE47-48D3-A231-F7667556ED2A}.Debug|Any CPU.ActiveCfg = Debug|Any CPU
		{C885168B-CE47-48D3-A231-F7667556ED2A}.Debug|Any CPU.Build.0 = Debug|Any CPU
		{C885168B-CE47-48D3-A231-F7667556ED2A}.Release|Any CPU.ActiveCfg = Release|Any CPU
		{C885168B-CE47-48D3-A231-F7667556ED2A}.Release|Any CPU.Build.0 = Release|Any CPU
		{68DB50FD-1F05-4F7D-B24A-EE496882136C}.Debug|Any CPU.ActiveCfg = Debug|Any CPU
		{68DB50FD-1F05-4F7D-B24A-EE496882136C}.Debug|Any CPU.Build.0 = Debug|Any CPU
		{68DB50FD-1F05-4F7D-B24A-EE496882136C}.Release|Any CPU.ActiveCfg = Release|Any CPU
		{68DB50FD-1F05-4F7D-B24A-EE496882136C}.Release|Any CPU.Build.0 = Release|Any CPU
		{BA1E0D05-1FBA-4DDA-9DF8-F75EBA56BA02}.Debug|Any CPU.ActiveCfg = Debug|Any CPU
		{BA1E0D05-1FBA-4DDA-9DF8-F75EBA56BA02}.Debug|Any CPU.Build.0 = Debug|Any CPU
		{BA1E0D05-1FBA-4DDA-9DF8-F75EBA56BA02}.Release|Any CPU.ActiveCfg = Release|Any CPU
		{BA1E0D05-1FBA-4DDA-9DF8-F75EBA56BA02}.Release|Any CPU.Build.0 = Release|Any CPU
		{AB2AACB2-8F1A-4381-A1A5-54BABC672D89}.Debug|Any CPU.ActiveCfg = Debug|Any CPU
		{AB2AACB2-8F1A-4381-A1A5-54BABC672D89}.Debug|Any CPU.Build.0 = Debug|Any CPU
		{AB2AACB2-8F1A-4381-A1A5-54BABC672D89}.Release|Any CPU.ActiveCfg = Release|Any CPU
		{AB2AACB2-8F1A-4381-A1A5-54BABC672D89}.Release|Any CPU.Build.0 = Release|Any CPU
		{3391D20F-BBC1-4F58-B4EF-8705D3A54E98}.Debug|Any CPU.ActiveCfg = Debug|Any CPU
		{3391D20F-BBC1-4F58-B4EF-8705D3A54E98}.Debug|Any CPU.Build.0 = Debug|Any CPU
		{3391D20F-BBC1-4F58-B4EF-8705D3A54E98}.Release|Any CPU.ActiveCfg = Release|Any CPU
		{3391D20F-BBC1-4F58-B4EF-8705D3A54E98}.Release|Any CPU.Build.0 = Release|Any CPU
		{80ECED74-0BEC-4CD9-AED6-F7978630800B}.Debug|Any CPU.ActiveCfg = Debug|Any CPU
		{80ECED74-0BEC-4CD9-AED6-F7978630800B}.Debug|Any CPU.Build.0 = Debug|Any CPU
		{80ECED74-0BEC-4CD9-AED6-F7978630800B}.Release|Any CPU.ActiveCfg = Release|Any CPU
		{80ECED74-0BEC-4CD9-AED6-F7978630800B}.Release|Any CPU.Build.0 = Release|Any CPU
		{81554875-65E7-4D8F-BF02-D5E894FD2008}.Debug|Any CPU.ActiveCfg = Debug|Any CPU
		{81554875-65E7-4D8F-BF02-D5E894FD2008}.Debug|Any CPU.Build.0 = Debug|Any CPU
		{81554875-65E7-4D8F-BF02-D5E894FD2008}.Release|Any CPU.ActiveCfg = Release|Any CPU
		{81554875-65E7-4D8F-BF02-D5E894FD2008}.Release|Any CPU.Build.0 = Release|Any CPU
	EndGlobalSection
	GlobalSection(SolutionProperties) = preSolution
		HideSolutionNode = FALSE
	EndGlobalSection
	GlobalSection(ExtensibilityGlobals) = postSolution
		SolutionGuid = {D4B9F24B-0325-4EB9-BA92-9B82FBAC5600}
	EndGlobalSection
EndGlobal
